
Microsoft Visual Studio Solution File, Format Version 12.00
# Visual Studio 2012
Project("{FAE04EC0-301F-11D3-BF4B-00C04F79EFBC}") = "01.WebPage", "01.WebPage\01.WebPage.csproj", "{F8EDEF23-4C56-41CE-9C55-BD87433B13CC}"
EndProject
Project("{FAE04EC0-301F-11D3-BF4B-00C04F79EFBC}") = "02.SampleLogo", "02.SampleLogo\02.SampleLogo.csproj", "{B17B8C06-99A8-40F4-9DE0-B219068EB914}"
EndProject
Project("{FAE04EC0-301F-11D3-BF4B-00C04F79EFBC}") = "03.NestedDivs", "03.NestedDivs\03.NestedDivs.csproj", "{8919D125-A3DD-4D1D-806D-3EE6C7D4ED35}"
EndProject
Project("{FAE04EC0-301F-11D3-BF4B-00C04F79EFBC}") = "04.Calculator", "04.Calculator\04.Calculator.csproj", "{D61C033E-73F2-4E7F-95A3-116DB9AFBD75}"
EndProject
Project("{FAE04EC0-301F-11D3-BF4B-00C04F79EFBC}") = "04.WindowsCalculator", "04.WindowsCalculator\04.WindowsCalculator.csproj", "{41BF9FD2-6D9B-4CB6-9C08-0611116B45BB}"
EndProject
Global
	GlobalSection(SolutionConfigurationPlatforms) = preSolution
		Debug|Any CPU = Debug|Any CPU
		Release|Any CPU = Release|Any CPU
	EndGlobalSection
	GlobalSection(ProjectConfigurationPlatforms) = postSolution
		{F8EDEF23-4C56-41CE-9C55-BD87433B13CC}.Debug|Any CPU.ActiveCfg = Debug|Any CPU
		{F8EDEF23-4C56-41CE-9C55-BD87433B13CC}.Debug|Any CPU.Build.0 = Debug|Any CPU
		{F8EDEF23-4C56-41CE-9C55-BD87433B13CC}.Release|Any CPU.ActiveCfg = Release|Any CPU
		{F8EDEF23-4C56-41CE-9C55-BD87433B13CC}.Release|Any CPU.Build.0 = Release|Any CPU
		{B17B8C06-99A8-40F4-9DE0-B219068EB914}.Debug|Any CPU.ActiveCfg = Debug|Any CPU
		{B17B8C06-99A8-40F4-9DE0-B219068EB914}.Debug|Any CPU.Build.0 = Debug|Any CPU
		{B17B8C06-99A8-40F4-9DE0-B219068EB914}.Release|Any CPU.ActiveCfg = Release|Any CPU
		{B17B8C06-99A8-40F4-9DE0-B219068EB914}.Release|Any CPU.Build.0 = Release|Any CPU
		{8919D125-A3DD-4D1D-806D-3EE6C7D4ED35}.Debug|Any CPU.ActiveCfg = Debug|Any CPU
		{8919D125-A3DD-4D1D-806D-3EE6C7D4ED35}.Debug|Any CPU.Build.0 = Debug|Any CPU
		{8919D125-A3DD-4D1D-806D-3EE6C7D4ED35}.Release|Any CPU.ActiveCfg = Release|Any CPU
		{8919D125-A3DD-4D1D-806D-3EE6C7D4ED35}.Release|Any CPU.Build.0 = Release|Any CPU
		{D61C033E-73F2-4E7F-95A3-116DB9AFBD75}.Debug|Any CPU.ActiveCfg = Debug|Any CPU
		{D61C033E-73F2-4E7F-95A3-116DB9AFBD75}.Debug|Any CPU.Build.0 = Debug|Any CPU
		{D61C033E-73F2-4E7F-95A3-116DB9AFBD75}.Release|Any CPU.ActiveCfg = Release|Any CPU
		{D61C033E-73F2-4E7F-95A3-116DB9AFBD75}.Release|Any CPU.Build.0 = Release|Any CPU
		{41BF9FD2-6D9B-4CB6-9C08-0611116B45BB}.Debug|Any CPU.ActiveCfg = Debug|Any CPU
		{41BF9FD2-6D9B-4CB6-9C08-0611116B45BB}.Debug|Any CPU.Build.0 = Debug|Any CPU
		{41BF9FD2-6D9B-4CB6-9C08-0611116B45BB}.Release|Any CPU.ActiveCfg = Release|Any CPU
		{41BF9FD2-6D9B-4CB6-9C08-0611116B45BB}.Release|Any CPU.Build.0 = Release|Any CPU
	EndGlobalSection
	GlobalSection(SolutionProperties) = preSolution
		HideSolutionNode = FALSE
	EndGlobalSection
EndGlobal
